
Microsoft Visual Studio Solution File, Format Version 12.00
# Visual Studio Version 17
VisualStudioVersion = 17.5.33424.131
MinimumVisualStudioVersion = 10.0.40219.1
Project("{FAE04EC0-301F-11D3-BF4B-00C04F79EFBC}") = "PDFConverstion", "PDFConverstion.csproj", "{1CF43C86-582D-4E33-8AAA-E84183FC0E01}"
EndProject
Global
	GlobalSection(SolutionConfigurationPlatforms) = preSolution
		Debug|Any CPU = Debug|Any CPU
		Release|Any CPU = Release|Any CPU
	EndGlobalSection
	GlobalSection(ProjectConfigurationPlatforms) = postSolution
		{1CF43C86-582D-4E33-8AAA-E84183FC0E01}.Debug|Any CPU.ActiveCfg = Debug|Any CPU
		{1CF43C86-582D-4E33-8AAA-E84183FC0E01}.Debug|Any CPU.Build.0 = Debug|Any CPU
		{1CF43C86-582D-4E33-8AAA-E84183FC0E01}.Release|Any CPU.ActiveCfg = Release|Any CPU
		{1CF43C86-582D-4E33-8AAA-E84183FC0E01}.Release|Any CPU.Build.0 = Release|Any CPU
	EndGlobalSection
	GlobalSection(SolutionProperties) = preSolution
		HideSolutionNode = FALSE
	EndGlobalSection
	GlobalSection(ExtensibilityGlobals) = postSolution
		SolutionGuid = {798CB8B5-3D91-447F-9A9B-D2F6D17AFC21}
	EndGlobalSection
EndGlobal
