
Microsoft Visual Studio Solution File, Format Version 12.00
# Visual Studio Version 16
VisualStudioVersion = 25.0.1705.4
MinimumVisualStudioVersion = 10.0.40219.1
Project("{FAE04EC0-301F-11D3-BF4B-00C04F79EFBC}") = "GraphSample", "GraphSample\GraphSample.csproj", "{5C9C1BD8-3FAE-4168-AA26-D1295BF8A091}"
EndProject
Project("{FAE04EC0-301F-11D3-BF4B-00C04F79EFBC}") = "WebBackend", "WebBackend\WebBackend.csproj", "{D2E12BF1-D808-47B6-B9F1-C43D85A5CFF6}"
EndProject
Project("{FAE04EC0-301F-11D3-BF4B-00C04F79EFBC}") = "SharedModels", "SharedModels\SharedModels.csproj", "{DF9E15A1-F437-46FF-9CF7-3B8168199A33}"
EndProject
Global
	GlobalSection(SolutionConfigurationPlatforms) = preSolution
		Debug|Any CPU = Debug|Any CPU
		Release|Any CPU = Release|Any CPU
	EndGlobalSection
	GlobalSection(ProjectConfigurationPlatforms) = postSolution
		{5C9C1BD8-3FAE-4168-AA26-D1295BF8A091}.Debug|Any CPU.ActiveCfg = Debug|Any CPU
		{5C9C1BD8-3FAE-4168-AA26-D1295BF8A091}.Debug|Any CPU.Build.0 = Debug|Any CPU
		{5C9C1BD8-3FAE-4168-AA26-D1295BF8A091}.Release|Any CPU.ActiveCfg = Release|Any CPU
		{5C9C1BD8-3FAE-4168-AA26-D1295BF8A091}.Release|Any CPU.Build.0 = Release|Any CPU
		{D2E12BF1-D808-47B6-B9F1-C43D85A5CFF6}.Debug|Any CPU.ActiveCfg = Debug|Any CPU
		{D2E12BF1-D808-47B6-B9F1-C43D85A5CFF6}.Debug|Any CPU.Build.0 = Debug|Any CPU
		{D2E12BF1-D808-47B6-B9F1-C43D85A5CFF6}.Release|Any CPU.ActiveCfg = Release|Any CPU
		{D2E12BF1-D808-47B6-B9F1-C43D85A5CFF6}.Release|Any CPU.Build.0 = Release|Any CPU
		{DF9E15A1-F437-46FF-9CF7-3B8168199A33}.Debug|Any CPU.ActiveCfg = Debug|Any CPU
		{DF9E15A1-F437-46FF-9CF7-3B8168199A33}.Debug|Any CPU.Build.0 = Debug|Any CPU
		{DF9E15A1-F437-46FF-9CF7-3B8168199A33}.Release|Any CPU.ActiveCfg = Release|Any CPU
		{DF9E15A1-F437-46FF-9CF7-3B8168199A33}.Release|Any CPU.Build.0 = Release|Any CPU
	EndGlobalSection
	GlobalSection(SolutionProperties) = preSolution
		HideSolutionNode = FALSE
	EndGlobalSection
	GlobalSection(ExtensibilityGlobals) = postSolution
		SolutionGuid = {7A561DA2-F67E-4149-92BF-6BA5D1A8E086}
	EndGlobalSection
EndGlobal
