
Microsoft Visual Studio Solution File, Format Version 12.00
# Visual Studio Version 16
VisualStudioVersion = 16.0.30011.22
MinimumVisualStudioVersion = 10.0.40219.1
Project("{FAE04EC0-301F-11D3-BF4B-00C04F79EFBC}") = "msteams-tabs-sso-sample", "msteams-tabs-sso-sample.csproj", "{4F6D7C40-919B-4C6D-965D-F0D24E484C04}"
EndProject
Global
	GlobalSection(SolutionConfigurationPlatforms) = preSolution
		Debug|Any CPU = Debug|Any CPU
		Release|Any CPU = Release|Any CPU
	EndGlobalSection
	GlobalSection(ProjectConfigurationPlatforms) = postSolution
		{4F6D7C40-919B-4C6D-965D-F0D24E484C04}.Debug|Any CPU.ActiveCfg = Debug|Any CPU
		{4F6D7C40-919B-4C6D-965D-F0D24E484C04}.Debug|Any CPU.Build.0 = Debug|Any CPU
		{4F6D7C40-919B-4C6D-965D-F0D24E484C04}.Release|Any CPU.ActiveCfg = Release|Any CPU
		{4F6D7C40-919B-4C6D-965D-F0D24E484C04}.Release|Any CPU.Build.0 = Release|Any CPU
	EndGlobalSection
	GlobalSection(SolutionProperties) = preSolution
		HideSolutionNode = FALSE
	EndGlobalSection
	GlobalSection(ExtensibilityGlobals) = postSolution
		SolutionGuid = {2E1D28B4-78C3-4B17-B327-0C44167993D0}
	EndGlobalSection
EndGlobal
