
Microsoft Visual Studio Solution File, Format Version 12.00
# Visual Studio Version 17
VisualStudioVersion = 17.4.33205.214
MinimumVisualStudioVersion = 10.0.40219.1
Project("{9A19103F-16F7-4668-BE54-9A1E7A4F7556}") = "TabSSOGraphUploadPDF", "TabSSOGraphUploadPDF\TabSSOGraphUploadPDF.csproj", "{F27075BA-F215-411A-8735-2172211EC611}"
EndProject
Global
	GlobalSection(SolutionConfigurationPlatforms) = preSolution
		Debug|Any CPU = Debug|Any CPU
		Release|Any CPU = Release|Any CPU
	EndGlobalSection
	GlobalSection(ProjectConfigurationPlatforms) = postSolution
		{F27075BA-F215-411A-8735-2172211EC611}.Debug|Any CPU.ActiveCfg = Debug|Any CPU
		{F27075BA-F215-411A-8735-2172211EC611}.Debug|Any CPU.Build.0 = Debug|Any CPU
		{F27075BA-F215-411A-8735-2172211EC611}.Debug|Any CPU.Deploy.0 = Debug|Any CPU
		{F27075BA-F215-411A-8735-2172211EC611}.Release|Any CPU.ActiveCfg = Release|Any CPU
		{F27075BA-F215-411A-8735-2172211EC611}.Release|Any CPU.Build.0 = Release|Any CPU
		{F27075BA-F215-411A-8735-2172211EC611}.Release|Any CPU.Deploy.0 = Release|Any CPU
	EndGlobalSection
	GlobalSection(SolutionProperties) = preSolution
		HideSolutionNode = FALSE
	EndGlobalSection
	GlobalSection(ExtensibilityGlobals) = postSolution
		SolutionGuid = {C6B2C255-2F26-479C-851C-BE831ECA42A9}
	EndGlobalSection
EndGlobal
