
Microsoft Visual Studio Solution File, Format Version 12.00
# Visual Studio Version 16
VisualStudioVersion = 16.0.31105.61
MinimumVisualStudioVersion = 10.0.40219.1
Project("{9A19103F-16F7-4668-BE54-9A1E7A4F7556}") = "Calling", "Calling.csproj", "{C5B77E3F-F2B6-465C-8B8C-F44F435358EE}"
EndProject
Global
	GlobalSection(SolutionConfigurationPlatforms) = preSolution
		Debug|Any CPU = Debug|Any CPU
		Release|Any CPU = Release|Any CPU
	EndGlobalSection
	GlobalSection(ProjectConfigurationPlatforms) = postSolution
		{C5B77E3F-F2B6-465C-8B8C-F44F435358EE}.Debug|Any CPU.ActiveCfg = Debug|Any CPU
		{C5B77E3F-F2B6-465C-8B8C-F44F435358EE}.Debug|Any CPU.Build.0 = Debug|Any CPU
		{C5B77E3F-F2B6-465C-8B8C-F44F435358EE}.Release|Any CPU.ActiveCfg = Release|Any CPU
		{C5B77E3F-F2B6-465C-8B8C-F44F435358EE}.Release|Any CPU.Build.0 = Release|Any CPU
	EndGlobalSection
	GlobalSection(SolutionProperties) = preSolution
		HideSolutionNode = FALSE
	EndGlobalSection
	GlobalSection(ExtensibilityGlobals) = postSolution
		SolutionGuid = {0BF8DEB5-4D9B-49E0-9419-18B0BA3399C4}
	EndGlobalSection
EndGlobal
