
Microsoft Visual Studio Solution File, Format Version 12.00
# Visual Studio Version 16
VisualStudioVersion = 16.0.29001.49
MinimumVisualStudioVersion = 10.0.40219.1
Project("{9A19103F-16F7-4668-BE54-9A1E7A4F7556}") = "ConsultingBot", "ConsultingBot\ConsultingBot.csproj", "{45395EF4-8876-4B5C-8588-7EA42545FBBE}"
EndProject
Project("{FAE04EC0-301F-11D3-BF4B-00C04F79EFBC}") = "ConsultingData", "ConsultingData\ConsultingData.csproj", "{330B8A05-DFD7-4033-80A7-8AB617EFF20C}"
EndProject
Global
	GlobalSection(SolutionConfigurationPlatforms) = preSolution
		Debug|Any CPU = Debug|Any CPU
		Release|Any CPU = Release|Any CPU
	EndGlobalSection
	GlobalSection(ProjectConfigurationPlatforms) = postSolution
		{45395EF4-8876-4B5C-8588-7EA42545FBBE}.Debug|Any CPU.ActiveCfg = Debug|Any CPU
		{45395EF4-8876-4B5C-8588-7EA42545FBBE}.Debug|Any CPU.Build.0 = Debug|Any CPU
		{45395EF4-8876-4B5C-8588-7EA42545FBBE}.Release|Any CPU.ActiveCfg = Release|Any CPU
		{45395EF4-8876-4B5C-8588-7EA42545FBBE}.Release|Any CPU.Build.0 = Release|Any CPU
		{330B8A05-DFD7-4033-80A7-8AB617EFF20C}.Debug|Any CPU.ActiveCfg = Debug|Any CPU
		{330B8A05-DFD7-4033-80A7-8AB617EFF20C}.Debug|Any CPU.Build.0 = Debug|Any CPU
		{330B8A05-DFD7-4033-80A7-8AB617EFF20C}.Release|Any CPU.ActiveCfg = Release|Any CPU
		{330B8A05-DFD7-4033-80A7-8AB617EFF20C}.Release|Any CPU.Build.0 = Release|Any CPU
	EndGlobalSection
	GlobalSection(SolutionProperties) = preSolution
		HideSolutionNode = FALSE
	EndGlobalSection
	GlobalSection(ExtensibilityGlobals) = postSolution
		SolutionGuid = {2F004E3F-8681-4FD0-AA97-C176ED4B2E30}
	EndGlobalSection
EndGlobal
