
Microsoft Visual Studio Solution File, Format Version 12.00
# Visual Studio Version 17
VisualStudioVersion = 17.4.33403.182
MinimumVisualStudioVersion = 10.0.40219.1
Project("{9A19103F-16F7-4668-BE54-9A1E7A4F7556}") = "MsgextGraphSrchCfg", "MsgextGraphActCfg\MsgextGraphSrchCfg.csproj", "{6A4AB5BE-8FBF-409A-A22E-DE697C03CBE6}"
EndProject
Global
	GlobalSection(SolutionConfigurationPlatforms) = preSolution
		Debug|Any CPU = Debug|Any CPU
		Release|Any CPU = Release|Any CPU
	EndGlobalSection
	GlobalSection(ProjectConfigurationPlatforms) = postSolution
		{6A4AB5BE-8FBF-409A-A22E-DE697C03CBE6}.Debug|Any CPU.ActiveCfg = Debug|Any CPU
		{6A4AB5BE-8FBF-409A-A22E-DE697C03CBE6}.Debug|Any CPU.Build.0 = Debug|Any CPU
		{6A4AB5BE-8FBF-409A-A22E-DE697C03CBE6}.Debug|Any CPU.Deploy.0 = Debug|Any CPU
		{6A4AB5BE-8FBF-409A-A22E-DE697C03CBE6}.Release|Any CPU.ActiveCfg = Release|Any CPU
		{6A4AB5BE-8FBF-409A-A22E-DE697C03CBE6}.Release|Any CPU.Build.0 = Release|Any CPU
		{6A4AB5BE-8FBF-409A-A22E-DE697C03CBE6}.Release|Any CPU.Deploy.0 = Release|Any CPU
	EndGlobalSection
	GlobalSection(SolutionProperties) = preSolution
		HideSolutionNode = FALSE
	EndGlobalSection
	GlobalSection(ExtensibilityGlobals) = postSolution
		SolutionGuid = {FD0722B6-A748-45F3-825F-28AB139E07DE}
	EndGlobalSection
EndGlobal
