
Microsoft Visual Studio Solution File, Format Version 12.00
# Visual Studio Version 17
VisualStudioVersion = 17.7.34003.232
MinimumVisualStudioVersion = 10.0.40219.1
Project("{9A19103F-16F7-4668-BE54-9A1E7A4F7556}") = "TabOfficeOfferCreation", "TabOfficeOfferCreation\TabOfficeOfferCreation.csproj", "{13B18E64-41DB-4F61-BD2F-20F6ECF5D74D}"
EndProject
Project("{2150E333-8FDC-42A3-9474-1A3956D46DE8}") = "Solution Items", "Solution Items", "{710ED1D6-8324-4120-8A68-DD5740C663D3}"
	ProjectSection(SolutionItems) = preProject
		README.md = README.md
	EndProjectSection
EndProject
Project("{2150E333-8FDC-42A3-9474-1A3956D46DE8}") = "assets", "assets", "{DB270EE5-1DDB-4FBE-BFA5-CD8DDE638DEB}"
EndProject
Global
	GlobalSection(SolutionConfigurationPlatforms) = preSolution
		Debug|Any CPU = Debug|Any CPU
		Release|Any CPU = Release|Any CPU
	EndGlobalSection
	GlobalSection(ProjectConfigurationPlatforms) = postSolution
		{13B18E64-41DB-4F61-BD2F-20F6ECF5D74D}.Debug|Any CPU.ActiveCfg = Debug|Any CPU
		{13B18E64-41DB-4F61-BD2F-20F6ECF5D74D}.Debug|Any CPU.Build.0 = Debug|Any CPU
		{13B18E64-41DB-4F61-BD2F-20F6ECF5D74D}.Debug|Any CPU.Deploy.0 = Debug|Any CPU
		{13B18E64-41DB-4F61-BD2F-20F6ECF5D74D}.Release|Any CPU.ActiveCfg = Release|Any CPU
		{13B18E64-41DB-4F61-BD2F-20F6ECF5D74D}.Release|Any CPU.Build.0 = Release|Any CPU
		{13B18E64-41DB-4F61-BD2F-20F6ECF5D74D}.Release|Any CPU.Deploy.0 = Release|Any CPU
	EndGlobalSection
	GlobalSection(SolutionProperties) = preSolution
		HideSolutionNode = FALSE
	EndGlobalSection
	GlobalSection(NestedProjects) = preSolution
		{DB270EE5-1DDB-4FBE-BFA5-CD8DDE638DEB} = {710ED1D6-8324-4120-8A68-DD5740C663D3}
	EndGlobalSection
	GlobalSection(ExtensibilityGlobals) = postSolution
		SolutionGuid = {8CFA2560-BFCF-4E30-9003-A57F0873731D}
	EndGlobalSection
EndGlobal
