
Microsoft Visual Studio Solution File, Format Version 12.00
# Visual Studio Version 17
VisualStudioVersion = 17.9.34622.214
MinimumVisualStudioVersion = 10.0.40219.1
Project("{9A19103F-16F7-4668-BE54-9A1E7A4F7556}") = "O365C.FuncApp.ProductCatalog", "O365C.FuncApp.ProductCatalog.csproj", "{1293FAD8-CC76-4D18-8CFD-665481E50C69}"
EndProject
Global
	GlobalSection(SolutionConfigurationPlatforms) = preSolution
		Debug|Any CPU = Debug|Any CPU
		Release|Any CPU = Release|Any CPU
	EndGlobalSection
	GlobalSection(ProjectConfigurationPlatforms) = postSolution
		{1293FAD8-CC76-4D18-8CFD-665481E50C69}.Debug|Any CPU.ActiveCfg = Debug|Any CPU
		{1293FAD8-CC76-4D18-8CFD-665481E50C69}.Debug|Any CPU.Build.0 = Debug|Any CPU
		{1293FAD8-CC76-4D18-8CFD-665481E50C69}.Release|Any CPU.ActiveCfg = Release|Any CPU
		{1293FAD8-CC76-4D18-8CFD-665481E50C69}.Release|Any CPU.Build.0 = Release|Any CPU
	EndGlobalSection
	GlobalSection(SolutionProperties) = preSolution
		HideSolutionNode = FALSE
	EndGlobalSection
	GlobalSection(ExtensibilityGlobals) = postSolution
		SolutionGuid = {2C7B5603-3138-4560-ABE7-CD07FC8C8E94}
	EndGlobalSection
EndGlobal
