
Microsoft Visual Studio Solution File, Format Version 12.00
# Visual Studio Version 16
VisualStudioVersion = 16.0.30503.244
MinimumVisualStudioVersion = 10.0.40219.1
Project("{FAE04EC0-301F-11D3-BF4B-00C04F79EFBC}") = "VirtualMeetingExtensibility", "VirtualMeetingExtensibility.csproj", "{D2CB286B-91D1-4DBF-835C-DAE43082F926}"
EndProject
Project("{9A19103F-16F7-4668-BE54-9A1E7A4F7556}") = "Sample.Common", "..\Sample.Common\Sample.Common.csproj", "{CAB4F636-69C1-4F1D-AC26-140B9C7B5472}"
EndProject
Global
	GlobalSection(SolutionConfigurationPlatforms) = preSolution
		Debug|Any CPU = Debug|Any CPU
		Release|Any CPU = Release|Any CPU
	EndGlobalSection
	GlobalSection(ProjectConfigurationPlatforms) = postSolution
		{D2CB286B-91D1-4DBF-835C-DAE43082F926}.Debug|Any CPU.ActiveCfg = Debug|Any CPU
		{D2CB286B-91D1-4DBF-835C-DAE43082F926}.Debug|Any CPU.Build.0 = Debug|Any CPU
		{D2CB286B-91D1-4DBF-835C-DAE43082F926}.Release|Any CPU.ActiveCfg = Release|Any CPU
		{D2CB286B-91D1-4DBF-835C-DAE43082F926}.Release|Any CPU.Build.0 = Release|Any CPU
		{CAB4F636-69C1-4F1D-AC26-140B9C7B5472}.Debug|Any CPU.ActiveCfg = Debug|Any CPU
		{CAB4F636-69C1-4F1D-AC26-140B9C7B5472}.Debug|Any CPU.Build.0 = Debug|Any CPU
		{CAB4F636-69C1-4F1D-AC26-140B9C7B5472}.Release|Any CPU.ActiveCfg = Release|Any CPU
		{CAB4F636-69C1-4F1D-AC26-140B9C7B5472}.Release|Any CPU.Build.0 = Release|Any CPU
	EndGlobalSection
	GlobalSection(SolutionProperties) = preSolution
		HideSolutionNode = FALSE
	EndGlobalSection
	GlobalSection(ExtensibilityGlobals) = postSolution
		SolutionGuid = {3BBE711F-A06D-4463-BE4C-ABF1EAF306E6}
	EndGlobalSection
EndGlobal
