
Microsoft Visual Studio Solution File, Format Version 12.00
# Visual Studio Version 16
VisualStudioVersion = 16.0.30503.244
MinimumVisualStudioVersion = 10.0.40219.1
Project("{FAE04EC0-301F-11D3-BF4B-00C04F79EFBC}") = "TeamsBotSSO", "TeamsBotSSO.csproj", "{0417BBC2-4CAF-4B10-BE3A-8D16BAD14552}"
EndProject
Global
	GlobalSection(SolutionConfigurationPlatforms) = preSolution
		Debug|Any CPU = Debug|Any CPU
		Release|Any CPU = Release|Any CPU
	EndGlobalSection
	GlobalSection(ProjectConfigurationPlatforms) = postSolution
		{0417BBC2-4CAF-4B10-BE3A-8D16BAD14552}.Debug|Any CPU.ActiveCfg = Debug|Any CPU
		{0417BBC2-4CAF-4B10-BE3A-8D16BAD14552}.Debug|Any CPU.Build.0 = Debug|Any CPU
		{0417BBC2-4CAF-4B10-BE3A-8D16BAD14552}.Release|Any CPU.ActiveCfg = Release|Any CPU
		{0417BBC2-4CAF-4B10-BE3A-8D16BAD14552}.Release|Any CPU.Build.0 = Release|Any CPU
	EndGlobalSection
	GlobalSection(SolutionProperties) = preSolution
		HideSolutionNode = FALSE
	EndGlobalSection
	GlobalSection(ExtensibilityGlobals) = postSolution
		SolutionGuid = {EBF7BA67-B61E-4ED3-92E9-309F09CBDF78}
	EndGlobalSection
EndGlobal
